
Microsoft Visual Studio Solution File, Format Version 12.00
# Visual Studio Version 17
VisualStudioVersion = 17.4.33110.190
MinimumVisualStudioVersion = 10.0.40219.1
Project("{9A19103F-16F7-4668-BE54-9A1E7A4F7556}") = "DocumentTextExtractor", "PdfTextExtractor\DocumentTextExtractor.csproj", "{92C524D2-CBBF-4429-9975-4926A51EBC2D}"
EndProject
Project("{9A19103F-16F7-4668-BE54-9A1E7A4F7556}") = "Test", "Test\Test.csproj", "{92C524D2-CBBF-4429-9975-4926A51EBC2E}"
EndProject
Global
	GlobalSection(SolutionConfigurationPlatforms) = preSolution
		Debug|Any CPU = Debug|Any CPU
		Release|Any CPU = Release|Any CPU
	EndGlobalSection
	GlobalSection(ProjectConfigurationPlatforms) = postSolution
		{92C524D2-CBBF-4429-9975-4926A51EBC2D}.Debug|Any CPU.ActiveCfg = Debug|Any CPU
		{92C524D2-CBBF-4429-9975-4926A51EBC2D}.Debug|Any CPU.Build.0 = Debug|Any CPU
		{92C524D2-CBBF-4429-9975-4926A51EBC2D}.Release|Any CPU.ActiveCfg = Release|Any CPU
		{92C524D2-CBBF-4429-9975-4926A51EBC2D}.Release|Any CPU.Build.0 = Release|Any CPU
		{92C524D2-CBBF-4429-9975-4926A51EBC2E}.Debug|Any CPU.ActiveCfg = Debug|Any CPU
		{92C524D2-CBBF-4429-9975-4926A51EBC2E}.Debug|Any CPU.Build.0 = Debug|Any CPU
		{92C524D2-CBBF-4429-9975-4926A51EBC2E}.Release|Any CPU.ActiveCfg = Release|Any CPU
		{92C524D2-CBBF-4429-9975-4926A51EBC2E}.Release|Any CPU.Build.0 = Release|Any CPU
	EndGlobalSection
	GlobalSection(SolutionProperties) = preSolution
		HideSolutionNode = FALSE
	EndGlobalSection
	GlobalSection(ExtensibilityGlobals) = postSolution
		SolutionGuid = {5FB12637-6069-4BC6-BB5A-C502F3752A41}
	EndGlobalSection
EndGlobal
